# THIS IS AN AUTOGENERATED FILE. DO NOT EDIT THIS FILE DIRECTLY.
# yarn lockfile v1


"@emotion/is-prop-valid@^0.7.3":
  version "0.7.3"
  resolved "https://registry.yarnpkg.com/@emotion/is-prop-valid/-/is-prop-valid-0.7.3.tgz#a6bf4fa5387cbba59d44e698a4680f481a8da6cc"
  integrity sha512-uxJqm/sqwXw3YPA5GXX365OBcJGFtxUVkB6WyezqFHlNe9jqUWH5ur2O2M8dGBz61kn1g3ZBlzUunFQXQIClhA==
  dependencies:
    "@emotion/memoize" "0.7.1"

"@emotion/memoize@0.7.1":
  version "0.7.1"
  resolved "https://registry.yarnpkg.com/@emotion/memoize/-/memoize-0.7.1.tgz#e93c13942592cf5ef01aa8297444dc192beee52f"
  integrity sha512-Qv4LTqO11jepd5Qmlp3M1YEjBumoTHcHFdgPTQ+sFlIL5myi/7xu/POwP7IRu6odBdmLXdtIs1D6TuW6kbwbbg==

"@popmotion/easing@^1.0.1":
  version "1.0.1"
  resolved "https://registry.yarnpkg.com/@popmotion/easing/-/easing-1.0.1.tgz#48336aea29542113df10aeb81b4fd10f0b95f937"
  integrity sha512-NbIEz9mZAem0F0sjg2v57LbU9Y2Xc50QEX434jYrwEQzXJuJipyUV48Qz4hjHqbB/8xiUj0JMQfRvP8K9nUbxg==

"@popmotion/popcorn@^0.3.0":
  version "0.3.1"
  resolved "https://registry.yarnpkg.com/@popmotion/popcorn/-/popcorn-0.3.1.tgz#f0f33fbf7ff66f2cd0bf28be24bee0b1d46b65e8"
  integrity sha512-TRhDPxfzM4CrUff2ELyzDj6xSEp5fcmbnrTO0VkmrN/TxJrAzP2H/VfIDRQQy82Yn65Vwn1ohrIi8eZLqzrCMA==
  dependencies:
    "@popmotion/easing" "^1.0.1"
    framesync "^4.0.1"
    hey-listen "^1.0.5"
    style-value-types "^3.0.7"

"@types/invariant@^2.2.29":
  version "2.2.29"
  resolved "https://registry.yarnpkg.com/@types/invariant/-/invariant-2.2.29.tgz#aa845204cd0a289f65d47e0de63a6a815e30cc66"
  integrity sha512-lRVw09gOvgviOfeUrKc/pmTiRZ7g7oDOU6OAutyuSHpm1/o2RaBQvRhgK8QEdu+FFuw/wnWb29A/iuxv9i8OpQ==

"@types/node@^10.0.5":
  version "10.12.24"
  resolved "https://registry.yarnpkg.com/@types/node/-/node-10.12.24.tgz#b13564af612a22a20b5d95ca40f1bffb3af315cf"
  integrity sha512-GWWbvt+z9G5otRBW8rssOFgRY87J9N/qbhqfjMZ+gUuL6zoL+Hm6gP/8qQBG4jjimqdaNLCehcVapZ/Fs2WjCQ==

framesync@^4.0.0, framesync@^4.0.1:
  version "4.0.2"
  resolved "https://registry.yarnpkg.com/framesync/-/framesync-4.0.2.tgz#b03b62852f12b0d80086b60834b089718f03cda5"
  integrity sha512-hQLD5NURHmzB4Symo6JJ5HDw2TWwhr6T3gw9aChNMsZvkxcD8U8Gcz/hllAOOMGE+HO3ScpRPahpXDQRgF19JQ==
  dependencies:
    hey-listen "^1.0.5"

hey-listen@^1.0.4, hey-listen@^1.0.5:
  version "1.0.5"
  resolved "https://registry.yarnpkg.com/hey-listen/-/hey-listen-1.0.5.tgz#6d0a3a2f60177f65bc4404d571a00025bf5dc20e"
  integrity sha512-O2iCNxBBGb4hOxL9tUdnoPwDYmZhQ29t5xKV74BVZNdvwCDXCpVYTJ4yoaibc1V0I8Yw3K3nwmvDpoyjnCqUaw==

popmotion-pose@^3.4.0:
  version "3.4.6"
  resolved "https://registry.yarnpkg.com/popmotion-pose/-/popmotion-pose-3.4.6.tgz#872ceb776204164a5f6492acd36ca5dc96671b91"
  integrity sha512-ZlRj4dWlJcZvr/84Xh+P+w9lxZVfTU3pJ+u1TkYu+y7Mq4yDXgPlarjgth2qeI4U5VylvTfWSvzwSjEXy8OPxg==
  dependencies:
    "@popmotion/easing" "^1.0.1"
    hey-listen "^1.0.5"
    popmotion "^8.6.2"
    pose-core "^2.1.0"
    style-value-types "^3.0.6"
    ts-essentials "^1.0.3"
    tslib "^1.9.1"

popmotion@8.6.2, popmotion@^8.6.2:
  version "8.6.2"
  resolved "https://registry.yarnpkg.com/popmotion/-/popmotion-8.6.2.tgz#9066f0b33c5aa03783dc5af55143f6ac5b5d4a49"
  integrity sha512-t4kb78sl/gETCdnBKPguVYbL/BfBjax0Z7CQXMV9mEaxmBvIODCcJ2lPn8S0AAQS/bHYekA8TxMszwCF6NAcAA==
  dependencies:
    "@popmotion/easing" "^1.0.1"
    "@popmotion/popcorn" "^0.3.0"
    framesync "^4.0.0"
    hey-listen "^1.0.5"
    style-value-types "^3.0.6"
    stylefire "^2.3.4"
    tslib "^1.9.1"

pose-core@^2.1.0:
  version "2.1.0"
  resolved "https://registry.yarnpkg.com/pose-core/-/pose-core-2.1.0.tgz#653c85a9a06f924611b909b4a2180ce102bbb258"
  integrity sha512-36mVAnIgbM6jfyRug8EqqFbazHUAk9dxwVRpX61FlVw3amI/j7AFegtVU56N0Dht2aYDJIhgYPUYraT1CzjHDw==
  dependencies:
    "@types/invariant" "^2.2.29"
    "@types/node" "^10.0.5"
    hey-listen "^1.0.5"
    tslib "^1.9.1"

react-pose@4.0.6:
  version "4.0.6"
  resolved "https://registry.yarnpkg.com/react-pose/-/react-pose-4.0.6.tgz#265a9814eea48898dd653a92e998fc86a1366fb4"
  integrity sha512-4i72lsjpvJT6nwbTrMtbZiZoJ65REIVtDm1u1ruEriJcBOoNNQSTkFUAdjBG6pOaATkk9OWgziBuz4PU1GI0bA==
  dependencies:
    "@emotion/is-prop-valid" "^0.7.3"
    hey-listen "^1.0.5"
    popmotion-pose "^3.4.0"
    tslib "^1.9.1"

style-value-types@^3.0.6, style-value-types@^3.0.7:
  version "3.0.7"
  resolved "https://registry.yarnpkg.com/style-value-types/-/style-value-types-3.0.7.tgz#6e7a22cc8b1a4465193268ed66ad5f2a82579054"
  integrity sha512-7vzeicDiPNnJjvTYfJbQhZ7P3OCkXfvkJOJQ+ifFnXNTA/7KBxMZacHLvlRjM5/TtXbVdrZE6u+2nzSUSPrbSQ==

stylefire@^2.3.4:
  version "2.4.0"
  resolved "https://registry.yarnpkg.com/stylefire/-/stylefire-2.4.0.tgz#1c52b82d951ac9f5046dbb359af7229d10c59007"
  integrity sha512-soSvx0Xc4If/8EGmU/HrE0HHOOzQ+JEEyhj1xJFfOx5PCIy19veoN588e2QGJfOZJYJeAYQx/YzofbzWCAi6DA==
  dependencies:
    framesync "^4.0.0"
    hey-listen "^1.0.4"
    style-value-types "^3.0.6"

ts-essentials@^1.0.3:
  version "1.0.4"
  resolved "https://registry.yarnpkg.com/ts-essentials/-/ts-essentials-1.0.4.tgz#ce3b5dade5f5d97cf69889c11bf7d2da8555b15a"
  integrity sha512-q3N1xS4vZpRouhYHDPwO0bDW3EZ6SK9CrrDHxi/D6BPReSjpVgWIOpLS2o0gSBZm+7q/wyKp6RVM1AeeW7uyfQ==

tslib@^1.9.1:
  version "1.9.3"
  resolved "https://registry.yarnpkg.com/tslib/-/tslib-1.9.3.tgz#d7e4dd79245d85428c4d7e4822a79917954ca286"
  integrity sha512-4krF8scpejhaOgqzBEcGM7yDIEfi0/8+8zDRZhNZZ2kjmHJ4hv3zCbQWxoJGz1iw5U0Jl0nma13xzHXcncMavQ==

use-interval@1.0.3:
  version "1.0.3"
  resolved "https://registry.yarnpkg.com/use-interval/-/use-interval-1.0.3.tgz#40efe75f0b5d3268dfc1494768717ad561aa4cf1"
  integrity sha512-SL8hcXBVJ6pA7J9z6X3I4QM3kR62FZw2hY7rBwHy9Kef3FKxBe1+WYM4AvzzueZgUnXFubvBxqJ2iI6vGV2M/A==

use-timed-index@1.0.0:
  version "1.0.0"
  resolved "https://registry.yarnpkg.com/use-timed-index/-/use-timed-index-1.0.0.tgz#b024d244eab04ab6d533323bc9a4b2bcdea31388"
  integrity sha512-kNCZkL0DQu8b/AL+p8h16wjhqJ353iSv5zapWp+40D+eEHDzzgAnTy6XbnphiZv2PcJKMZPu/7ffAylKaypNfA==
  dependencies:
    use-interval "1.0.3"
